
Microsoft Visual Studio Solution File, Format Version 12.00
# Visual Studio 14
VisualStudioVersion = 14.0.24720.0
MinimumVisualStudioVersion = 10.0.40219.1
Project("{FAE04EC0-301F-11D3-BF4B-00C04F79EFBC}") = "CambridgeUniversityDataStructureAlgorythms", "CambridgeUniversityDataStructureAlgorythms\CambridgeUniversityDataStructureAlgorythms.csproj", "{201D2068-FEB7-4A6B-B71A-A3AE17E52F64}"
EndProject
Project("{FAE04EC0-301F-11D3-BF4B-00C04F79EFBC}") = "Basic", "Basic\Basic.csproj", "{663A4D95-34F0-4F38-AD37-61CE42D11B5B}"
EndProject
Project("{FAE04EC0-301F-11D3-BF4B-00C04F79EFBC}") = "IntroCollectionGeneric", "IntroCollectionsGenerics\IntroCollectionGeneric.csproj", "{9C487F07-1138-4429-8B3C-DD6A93E366F7}"
EndProject
Project("{FAE04EC0-301F-11D3-BF4B-00C04F79EFBC}") = "BasicOperations", "BasicOperations\BasicOperations.csproj", "{AB1A56EB-00AB-46A3-A913-392476B9693C}"
EndProject
Project("{FAE04EC0-301F-11D3-BF4B-00C04F79EFBC}") = "Timing", "Timing\Timing.csproj", "{BA8D70D8-914A-4DC1-8E89-CE1813EDF624}"
EndProject
Project("{FAE04EC0-301F-11D3-BF4B-00C04F79EFBC}") = "Exercises", "Exercises\Exercises.csproj", "{7F70F157-7DCF-47CB-9431-EA009F3DBF10}"
EndProject
Project("{FAE04EC0-301F-11D3-BF4B-00C04F79EFBC}") = "BasicSort", "BasicSort\BasicSort.csproj", "{834DF15F-299D-4D22-90AD-A1DAD971E55E}"
EndProject
Project("{FAE04EC0-301F-11D3-BF4B-00C04F79EFBC}") = "BasicFile", "BasicFile\BasicFile.csproj", "{F6BE792C-A10C-45DC-912C-F13894224B73}"
EndProject
Project("{FAE04EC0-301F-11D3-BF4B-00C04F79EFBC}") = "BasicSearch", "BasicSearch\BasicSearch.csproj", "{8852A5F8-9B76-457A-AB96-E3CE9AF47AA1}"
EndProject
Project("{FAE04EC0-301F-11D3-BF4B-00C04F79EFBC}") = "Binnaries", "Binnaries\Binnaries.csproj", "{4FFF260C-3081-4B4E-9093-159F4634B06B}"
EndProject
Global
	GlobalSection(SolutionConfigurationPlatforms) = preSolution
		Debug|Any CPU = Debug|Any CPU
		Release|Any CPU = Release|Any CPU
	EndGlobalSection
	GlobalSection(ProjectConfigurationPlatforms) = postSolution
		{201D2068-FEB7-4A6B-B71A-A3AE17E52F64}.Debug|Any CPU.ActiveCfg = Debug|Any CPU
		{201D2068-FEB7-4A6B-B71A-A3AE17E52F64}.Debug|Any CPU.Build.0 = Debug|Any CPU
		{201D2068-FEB7-4A6B-B71A-A3AE17E52F64}.Release|Any CPU.ActiveCfg = Release|Any CPU
		{201D2068-FEB7-4A6B-B71A-A3AE17E52F64}.Release|Any CPU.Build.0 = Release|Any CPU
		{663A4D95-34F0-4F38-AD37-61CE42D11B5B}.Debug|Any CPU.ActiveCfg = Debug|Any CPU
		{663A4D95-34F0-4F38-AD37-61CE42D11B5B}.Debug|Any CPU.Build.0 = Debug|Any CPU
		{663A4D95-34F0-4F38-AD37-61CE42D11B5B}.Release|Any CPU.ActiveCfg = Release|Any CPU
		{663A4D95-34F0-4F38-AD37-61CE42D11B5B}.Release|Any CPU.Build.0 = Release|Any CPU
		{9C487F07-1138-4429-8B3C-DD6A93E366F7}.Debug|Any CPU.ActiveCfg = Debug|Any CPU
		{9C487F07-1138-4429-8B3C-DD6A93E366F7}.Debug|Any CPU.Build.0 = Debug|Any CPU
		{9C487F07-1138-4429-8B3C-DD6A93E366F7}.Release|Any CPU.ActiveCfg = Release|Any CPU
		{9C487F07-1138-4429-8B3C-DD6A93E366F7}.Release|Any CPU.Build.0 = Release|Any CPU
		{AB1A56EB-00AB-46A3-A913-392476B9693C}.Debug|Any CPU.ActiveCfg = Debug|Any CPU
		{AB1A56EB-00AB-46A3-A913-392476B9693C}.Debug|Any CPU.Build.0 = Debug|Any CPU
		{AB1A56EB-00AB-46A3-A913-392476B9693C}.Release|Any CPU.ActiveCfg = Release|Any CPU
		{AB1A56EB-00AB-46A3-A913-392476B9693C}.Release|Any CPU.Build.0 = Release|Any CPU
		{BA8D70D8-914A-4DC1-8E89-CE1813EDF624}.Debug|Any CPU.ActiveCfg = Debug|Any CPU
		{BA8D70D8-914A-4DC1-8E89-CE1813EDF624}.Debug|Any CPU.Build.0 = Debug|Any CPU
		{BA8D70D8-914A-4DC1-8E89-CE1813EDF624}.Release|Any CPU.ActiveCfg = Release|Any CPU
		{BA8D70D8-914A-4DC1-8E89-CE1813EDF624}.Release|Any CPU.Build.0 = Release|Any CPU
		{7F70F157-7DCF-47CB-9431-EA009F3DBF10}.Debug|Any CPU.ActiveCfg = Debug|Any CPU
		{7F70F157-7DCF-47CB-9431-EA009F3DBF10}.Debug|Any CPU.Build.0 = Debug|Any CPU
		{7F70F157-7DCF-47CB-9431-EA009F3DBF10}.Release|Any CPU.ActiveCfg = Release|Any CPU
		{7F70F157-7DCF-47CB-9431-EA009F3DBF10}.Release|Any CPU.Build.0 = Release|Any CPU
		{834DF15F-299D-4D22-90AD-A1DAD971E55E}.Debug|Any CPU.ActiveCfg = Debug|Any CPU
		{834DF15F-299D-4D22-90AD-A1DAD971E55E}.Debug|Any CPU.Build.0 = Debug|Any CPU
		{834DF15F-299D-4D22-90AD-A1DAD971E55E}.Release|Any CPU.ActiveCfg = Release|Any CPU
		{834DF15F-299D-4D22-90AD-A1DAD971E55E}.Release|Any CPU.Build.0 = Release|Any CPU
		{F6BE792C-A10C-45DC-912C-F13894224B73}.Debug|Any CPU.ActiveCfg = Debug|Any CPU
		{F6BE792C-A10C-45DC-912C-F13894224B73}.Debug|Any CPU.Build.0 = Debug|Any CPU
		{F6BE792C-A10C-45DC-912C-F13894224B73}.Release|Any CPU.ActiveCfg = Release|Any CPU
		{F6BE792C-A10C-45DC-912C-F13894224B73}.Release|Any CPU.Build.0 = Release|Any CPU
		{8852A5F8-9B76-457A-AB96-E3CE9AF47AA1}.Debug|Any CPU.ActiveCfg = Debug|Any CPU
		{8852A5F8-9B76-457A-AB96-E3CE9AF47AA1}.Debug|Any CPU.Build.0 = Debug|Any CPU
		{8852A5F8-9B76-457A-AB96-E3CE9AF47AA1}.Release|Any CPU.ActiveCfg = Release|Any CPU
		{8852A5F8-9B76-457A-AB96-E3CE9AF47AA1}.Release|Any CPU.Build.0 = Release|Any CPU
		{4FFF260C-3081-4B4E-9093-159F4634B06B}.Debug|Any CPU.ActiveCfg = Debug|Any CPU
		{4FFF260C-3081-4B4E-9093-159F4634B06B}.Debug|Any CPU.Build.0 = Debug|Any CPU
		{4FFF260C-3081-4B4E-9093-159F4634B06B}.Release|Any CPU.ActiveCfg = Release|Any CPU
		{4FFF260C-3081-4B4E-9093-159F4634B06B}.Release|Any CPU.Build.0 = Release|Any CPU
	EndGlobalSection
	GlobalSection(SolutionProperties) = preSolution
		HideSolutionNode = FALSE
	EndGlobalSection
EndGlobal
