
Microsoft Visual Studio Solution File, Format Version 12.00
# Visual Studio 14
VisualStudioVersion = 14.0.24720.0
MinimumVisualStudioVersion = 10.0.40219.1
Project("{FAE04EC0-301F-11D3-BF4B-00C04F79EFBC}") = "CambridgeUniversityDataStructureAlgorythms", "CambridgeUniversityDataStructureAlgorythms\CambridgeUniversityDataStructureAlgorythms.csproj", "{201D2068-FEB7-4A6B-B71A-A3AE17E52F64}"
EndProject
Project("{FAE04EC0-301F-11D3-BF4B-00C04F79EFBC}") = "Basic", "Basic\Basic.csproj", "{663A4D95-34F0-4F38-AD37-61CE42D11B5B}"
EndProject
Project("{FAE04EC0-301F-11D3-BF4B-00C04F79EFBC}") = "IntroCollectionGeneric", "IntroCollectionsGenerics\IntroCollectionGeneric.csproj", "{9C487F07-1138-4429-8B3C-DD6A93E366F7}"
EndProject
Global
	GlobalSection(SolutionConfigurationPlatforms) = preSolution
		Debug|Any CPU = Debug|Any CPU
		Release|Any CPU = Release|Any CPU
	EndGlobalSection
	GlobalSection(ProjectConfigurationPlatforms) = postSolution
		{201D2068-FEB7-4A6B-B71A-A3AE17E52F64}.Debug|Any CPU.ActiveCfg = Debug|Any CPU
		{201D2068-FEB7-4A6B-B71A-A3AE17E52F64}.Debug|Any CPU.Build.0 = Debug|Any CPU
		{201D2068-FEB7-4A6B-B71A-A3AE17E52F64}.Release|Any CPU.ActiveCfg = Release|Any CPU
		{201D2068-FEB7-4A6B-B71A-A3AE17E52F64}.Release|Any CPU.Build.0 = Release|Any CPU
		{663A4D95-34F0-4F38-AD37-61CE42D11B5B}.Debug|Any CPU.ActiveCfg = Debug|Any CPU
		{663A4D95-34F0-4F38-AD37-61CE42D11B5B}.Debug|Any CPU.Build.0 = Debug|Any CPU
		{663A4D95-34F0-4F38-AD37-61CE42D11B5B}.Release|Any CPU.ActiveCfg = Release|Any CPU
		{663A4D95-34F0-4F38-AD37-61CE42D11B5B}.Release|Any CPU.Build.0 = Release|Any CPU
		{9C487F07-1138-4429-8B3C-DD6A93E366F7}.Debug|Any CPU.ActiveCfg = Debug|Any CPU
		{9C487F07-1138-4429-8B3C-DD6A93E366F7}.Debug|Any CPU.Build.0 = Debug|Any CPU
		{9C487F07-1138-4429-8B3C-DD6A93E366F7}.Release|Any CPU.ActiveCfg = Release|Any CPU
		{9C487F07-1138-4429-8B3C-DD6A93E366F7}.Release|Any CPU.Build.0 = Release|Any CPU
	EndGlobalSection
	GlobalSection(SolutionProperties) = preSolution
		HideSolutionNode = FALSE
	EndGlobalSection
EndGlobal
